
Microsoft Visual Studio Solution File, Format Version 12.00
# Visual Studio 15
VisualStudioVersion = 15.0.26430.15
MinimumVisualStudioVersion = 10.0.40219.1
Project("{9A19103F-16F7-4668-BE54-9A1E7A4F7556}") = "RiceDoctor.ConsoleApp", "RiceDoctor\RiceDoctor.ConsoleApp\RiceDoctor.ConsoleApp.csproj", "{78DEE6C9-E201-483A-87A5-B75256482CA4}"
EndProject
Project("{9A19103F-16F7-4668-BE54-9A1E7A4F7556}") = "RiceDoctor.Shared", "RiceDoctor\RiceDoctor.Shared\RiceDoctor.Shared.csproj", "{2F4655BF-F657-4A96-A04C-D9B5BC0A608D}"
EndProject
Project("{2150E333-8FDC-42A3-9474-1A3956D46DE8}") = "Resources", "Resources", "{391B7CE6-7A14-48B8-BD46-9ED3D927C529}"
	ProjectSection(SolutionItems) = preProject
		RiceDoctor\Resources\fuzzy-model.txt = RiceDoctor\Resources\fuzzy-model.txt
		RiceDoctor\Resources\inference-rules.txt = RiceDoctor\Resources\inference-rules.txt
		RiceDoctor\Resources\problem-types.json = RiceDoctor\Resources\problem-types.json
		RiceDoctor\Resources\query-rules.txt = RiceDoctor\Resources\query-rules.txt
	EndProjectSection
EndProject
Project("{9A19103F-16F7-4668-BE54-9A1E7A4F7556}") = "RiceDoctor.InferenceEngine", "RiceDoctor\RiceDoctor.InferenceEngine\RiceDoctor.InferenceEngine.csproj", "{6486445C-333D-463F-9CA9-8E663C48B4C2}"
EndProject
Project("{9A19103F-16F7-4668-BE54-9A1E7A4F7556}") = "RiceDoctor.RuleManager", "RiceDoctor\RiceDoctor.RuleManager\RiceDoctor.RuleManager.csproj", "{18F630C8-F9CC-4D98-AA21-0364646E8BDA}"
EndProject
Project("{9A19103F-16F7-4668-BE54-9A1E7A4F7556}") = "RiceDoctor.SemanticCodeInterpreter", "RiceDoctor\RiceDoctor.SemanticCodeInterpreter\RiceDoctor.SemanticCodeInterpreter.csproj", "{F761B5B4-16E0-4610-839D-980B7C998571}"
EndProject
Project("{9A19103F-16F7-4668-BE54-9A1E7A4F7556}") = "RiceDoctor.OntologyManager", "RiceDoctor\RiceDoctor.OntologyManager\RiceDoctor.OntologyManager.csproj", "{0B8956B7-53AA-4944-B264-81321984C98F}"
EndProject
Project("{9A19103F-16F7-4668-BE54-9A1E7A4F7556}") = "RiceDoctor.Tests", "RiceDoctor\RiceDoctor.Tests\RiceDoctor.Tests.csproj", "{9C1AD337-3302-4864-9EFD-58705B09118F}"
EndProject
Project("{9A19103F-16F7-4668-BE54-9A1E7A4F7556}") = "RiceDoctor.WebApp", "RiceDoctor\RiceDoctor.WebApp\RiceDoctor.WebApp.csproj", "{1C7749A6-A4D5-4D9C-8D0C-0BFAA0ABBD7E}"
EndProject
Project("{2150E333-8FDC-42A3-9474-1A3956D46DE8}") = "Tests", "Tests", "{3E26CEB5-DB4F-41A7-B527-D3F9E3431E32}"
EndProject
Project("{2150E333-8FDC-42A3-9474-1A3956D46DE8}") = "CompleteInferenceTests", "CompleteInferenceTests", "{1F14A492-1E13-46B7-9852-A376CEECD641}"
	ProjectSection(SolutionItems) = preProject
		RiceDoctor\Resources\Tests\CompleteInferenceTests\1.in.json = RiceDoctor\Resources\Tests\CompleteInferenceTests\1.in.json
		RiceDoctor\Resources\Tests\CompleteInferenceTests\1.out.json = RiceDoctor\Resources\Tests\CompleteInferenceTests\1.out.json
		RiceDoctor\Resources\Tests\CompleteInferenceTests\2.in.json = RiceDoctor\Resources\Tests\CompleteInferenceTests\2.in.json
		RiceDoctor\Resources\Tests\CompleteInferenceTests\2.out.json = RiceDoctor\Resources\Tests\CompleteInferenceTests\2.out.json
		RiceDoctor\Resources\Tests\CompleteInferenceTests\3.in.json = RiceDoctor\Resources\Tests\CompleteInferenceTests\3.in.json
		RiceDoctor\Resources\Tests\CompleteInferenceTests\3.out.json = RiceDoctor\Resources\Tests\CompleteInferenceTests\3.out.json
		RiceDoctor\Resources\Tests\CompleteInferenceTests\4.in.json = RiceDoctor\Resources\Tests\CompleteInferenceTests\4.in.json
		RiceDoctor\Resources\Tests\CompleteInferenceTests\4.out.json = RiceDoctor\Resources\Tests\CompleteInferenceTests\4.out.json
		RiceDoctor\Resources\Tests\CompleteInferenceTests\5.in.json = RiceDoctor\Resources\Tests\CompleteInferenceTests\5.in.json
		RiceDoctor\Resources\Tests\CompleteInferenceTests\5.out.json = RiceDoctor\Resources\Tests\CompleteInferenceTests\5.out.json
	EndProjectSection
EndProject
Project("{9A19103F-16F7-4668-BE54-9A1E7A4F7556}") = "RiceDoctor.QueryAnalysis", "RiceDoctor\RiceDoctor.QueryAnalysis\RiceDoctor.QueryAnalysis.csproj", "{C5BB91D9-CBDB-452B-A66C-65996E86D44E}"
EndProject
Project("{9A19103F-16F7-4668-BE54-9A1E7A4F7556}") = "RiceDoctor.FuzzyManager", "RiceDoctor\RiceDoctor.FuzzyManager\RiceDoctor.FuzzyManager.csproj", "{7BB428FA-EFD8-4A3A-9755-7AE990881E8B}"
EndProject
Project("{9A19103F-16F7-4668-BE54-9A1E7A4F7556}") = "RiceDoctor.RetrievalAnalysis", "RiceDoctor\RiceDoctor.RetrievalAnalysis\RiceDoctor.RetrievalAnalysis.csproj", "{67B46D31-F692-443F-9D5F-9AE69A283602}"
EndProject
Project("{9A19103F-16F7-4668-BE54-9A1E7A4F7556}") = "RiceDoctor.DatabaseManager", "RiceDoctor\RiceDoctor.DatabaseManager\RiceDoctor.DatabaseManager.csproj", "{0EC88602-72EB-4CC3-98C9-EA68664E593B}"
EndProject
Global
	GlobalSection(SolutionConfigurationPlatforms) = preSolution
		Debug|Any CPU = Debug|Any CPU
		Release|Any CPU = Release|Any CPU
	EndGlobalSection
	GlobalSection(ProjectConfigurationPlatforms) = postSolution
		{78DEE6C9-E201-483A-87A5-B75256482CA4}.Debug|Any CPU.ActiveCfg = Debug|Any CPU
		{78DEE6C9-E201-483A-87A5-B75256482CA4}.Debug|Any CPU.Build.0 = Debug|Any CPU
		{78DEE6C9-E201-483A-87A5-B75256482CA4}.Release|Any CPU.ActiveCfg = Release|Any CPU
		{78DEE6C9-E201-483A-87A5-B75256482CA4}.Release|Any CPU.Build.0 = Release|Any CPU
		{2F4655BF-F657-4A96-A04C-D9B5BC0A608D}.Debug|Any CPU.ActiveCfg = Debug|Any CPU
		{2F4655BF-F657-4A96-A04C-D9B5BC0A608D}.Debug|Any CPU.Build.0 = Debug|Any CPU
		{2F4655BF-F657-4A96-A04C-D9B5BC0A608D}.Release|Any CPU.ActiveCfg = Release|Any CPU
		{2F4655BF-F657-4A96-A04C-D9B5BC0A608D}.Release|Any CPU.Build.0 = Release|Any CPU
		{6486445C-333D-463F-9CA9-8E663C48B4C2}.Debug|Any CPU.ActiveCfg = Debug|Any CPU
		{6486445C-333D-463F-9CA9-8E663C48B4C2}.Debug|Any CPU.Build.0 = Debug|Any CPU
		{6486445C-333D-463F-9CA9-8E663C48B4C2}.Release|Any CPU.ActiveCfg = Release|Any CPU
		{6486445C-333D-463F-9CA9-8E663C48B4C2}.Release|Any CPU.Build.0 = Release|Any CPU
		{18F630C8-F9CC-4D98-AA21-0364646E8BDA}.Debug|Any CPU.ActiveCfg = Debug|Any CPU
		{18F630C8-F9CC-4D98-AA21-0364646E8BDA}.Debug|Any CPU.Build.0 = Debug|Any CPU
		{18F630C8-F9CC-4D98-AA21-0364646E8BDA}.Release|Any CPU.ActiveCfg = Release|Any CPU
		{18F630C8-F9CC-4D98-AA21-0364646E8BDA}.Release|Any CPU.Build.0 = Release|Any CPU
		{F761B5B4-16E0-4610-839D-980B7C998571}.Debug|Any CPU.ActiveCfg = Debug|Any CPU
		{F761B5B4-16E0-4610-839D-980B7C998571}.Debug|Any CPU.Build.0 = Debug|Any CPU
		{F761B5B4-16E0-4610-839D-980B7C998571}.Release|Any CPU.ActiveCfg = Release|Any CPU
		{F761B5B4-16E0-4610-839D-980B7C998571}.Release|Any CPU.Build.0 = Release|Any CPU
		{0B8956B7-53AA-4944-B264-81321984C98F}.Debug|Any CPU.ActiveCfg = Debug|Any CPU
		{0B8956B7-53AA-4944-B264-81321984C98F}.Debug|Any CPU.Build.0 = Debug|Any CPU
		{0B8956B7-53AA-4944-B264-81321984C98F}.Release|Any CPU.ActiveCfg = Release|Any CPU
		{0B8956B7-53AA-4944-B264-81321984C98F}.Release|Any CPU.Build.0 = Release|Any CPU
		{9C1AD337-3302-4864-9EFD-58705B09118F}.Debug|Any CPU.ActiveCfg = Debug|Any CPU
		{9C1AD337-3302-4864-9EFD-58705B09118F}.Debug|Any CPU.Build.0 = Debug|Any CPU
		{9C1AD337-3302-4864-9EFD-58705B09118F}.Release|Any CPU.ActiveCfg = Release|Any CPU
		{9C1AD337-3302-4864-9EFD-58705B09118F}.Release|Any CPU.Build.0 = Release|Any CPU
		{1C7749A6-A4D5-4D9C-8D0C-0BFAA0ABBD7E}.Debug|Any CPU.ActiveCfg = Debug|Any CPU
		{1C7749A6-A4D5-4D9C-8D0C-0BFAA0ABBD7E}.Debug|Any CPU.Build.0 = Debug|Any CPU
		{1C7749A6-A4D5-4D9C-8D0C-0BFAA0ABBD7E}.Release|Any CPU.ActiveCfg = Release|Any CPU
		{1C7749A6-A4D5-4D9C-8D0C-0BFAA0ABBD7E}.Release|Any CPU.Build.0 = Release|Any CPU
		{C5BB91D9-CBDB-452B-A66C-65996E86D44E}.Debug|Any CPU.ActiveCfg = Debug|Any CPU
		{C5BB91D9-CBDB-452B-A66C-65996E86D44E}.Debug|Any CPU.Build.0 = Debug|Any CPU
		{C5BB91D9-CBDB-452B-A66C-65996E86D44E}.Release|Any CPU.ActiveCfg = Release|Any CPU
		{C5BB91D9-CBDB-452B-A66C-65996E86D44E}.Release|Any CPU.Build.0 = Release|Any CPU
		{7BB428FA-EFD8-4A3A-9755-7AE990881E8B}.Debug|Any CPU.ActiveCfg = Debug|Any CPU
		{7BB428FA-EFD8-4A3A-9755-7AE990881E8B}.Debug|Any CPU.Build.0 = Debug|Any CPU
		{7BB428FA-EFD8-4A3A-9755-7AE990881E8B}.Release|Any CPU.ActiveCfg = Release|Any CPU
		{7BB428FA-EFD8-4A3A-9755-7AE990881E8B}.Release|Any CPU.Build.0 = Release|Any CPU
		{67B46D31-F692-443F-9D5F-9AE69A283602}.Debug|Any CPU.ActiveCfg = Debug|Any CPU
		{67B46D31-F692-443F-9D5F-9AE69A283602}.Debug|Any CPU.Build.0 = Debug|Any CPU
		{67B46D31-F692-443F-9D5F-9AE69A283602}.Release|Any CPU.ActiveCfg = Release|Any CPU
		{67B46D31-F692-443F-9D5F-9AE69A283602}.Release|Any CPU.Build.0 = Release|Any CPU
		{0EC88602-72EB-4CC3-98C9-EA68664E593B}.Debug|Any CPU.ActiveCfg = Debug|Any CPU
		{0EC88602-72EB-4CC3-98C9-EA68664E593B}.Debug|Any CPU.Build.0 = Debug|Any CPU
		{0EC88602-72EB-4CC3-98C9-EA68664E593B}.Release|Any CPU.ActiveCfg = Release|Any CPU
		{0EC88602-72EB-4CC3-98C9-EA68664E593B}.Release|Any CPU.Build.0 = Release|Any CPU
	EndGlobalSection
	GlobalSection(SolutionProperties) = preSolution
		HideSolutionNode = FALSE
	EndGlobalSection
	GlobalSection(NestedProjects) = preSolution
		{3E26CEB5-DB4F-41A7-B527-D3F9E3431E32} = {391B7CE6-7A14-48B8-BD46-9ED3D927C529}
		{1F14A492-1E13-46B7-9852-A376CEECD641} = {3E26CEB5-DB4F-41A7-B527-D3F9E3431E32}
	EndGlobalSection
EndGlobal
